// !$*UTF8*$!
{
	archiveVersion = 1;
	classes = {
	};
	objectVersion = 50;
	objects = {

/* Begin PBXBuildFile section */
		B9D1C18922F09AE600CB5E8E /* AppDelegate.swift in Sources */ = {isa = PBXBuildFile; fileRef = B9D1C18822F09AE600CB5E8E /* AppDelegate.swift */; };
		B9D1C18B22F09AE600CB5E8E /* RootViewController.swift in Sources */ = {isa = PBXBuildFile; fileRef = B9D1C18A22F09AE600CB5E8E /* RootViewController.swift */; };
		B9D1C19022F09AE800CB5E8E /* Assets.xcassets in Resources */ = {isa = PBXBuildFile; fileRef = B9D1C18F22F09AE800CB5E8E /* Assets.xcassets */; };
		B9D1C19322F09AE800CB5E8E /* LaunchScreen.storyboard in Resources */ = {isa = PBXBuildFile; fileRef = B9D1C19122F09AE800CB5E8E /* LaunchScreen.storyboard */; };
		B9D1C19B22F09B8F00CB5E8E /* TileView.swift in Sources */ = {isa = PBXBuildFile; fileRef = B9D1C19A22F09B8F00CB5E8E /* TileView.swift */; };
/* End PBXBuildFile section */

/* Begin PBXFileReference section */
		B9D1C18522F09AE600CB5E8E /* chapter11c.app */ = {isa = PBXFileReference; explicitFileType = wrapper.application; includeInIndex = 0; path = chapter11c.app; sourceTree = BUILT_PRODUCTS_DIR; };
		B9D1C18822F09AE600CB5E8E /* AppDelegate.swift */ = {isa = PBXFileReference; lastKnownFileType = sourcecode.swift; path = AppDelegate.swift; sourceTree = "<group>"; };
		B9D1C18A22F09AE600CB5E8E /* RootViewController.swift */ = {isa = PBXFileReference; lastKnownFileType = sourcecode.swift; path = RootViewController.swift; sourceTree = "<group>"; };
		B9D1C18F22F09AE800CB5E8E /* Assets.xcassets */ = {isa = PBXFileReference; lastKnownFileType = folder.assetcatalog; path = Assets.xcassets; sourceTree = "<group>"; };
		B9D1C19222F09AE800CB5E8E /* Base */ = {isa = PBXFileReference; lastKnownFileType = file.storyboard; name = Base; path = Base.lproj/LaunchScreen.storyboard; sourceTree = "<group>"; };
		B9D1C19422F09AE800CB5E8E /* Info.plist */ = {isa = PBXFileReference; lastKnownFileType = text.plist.xml; path = Info.plist; sourceTree = "<group>"; };
		B9D1C19A22F09B8F00CB5E8E /* TileView.swift */ = {isa = PBXFileReference; lastKnownFileType = sourcecode.swift; path = TileView.swift; sourceTree = "<group>"; };
/* End PBXFileReference section */

/* Begin PBXFrameworksBuildPhase section */
		B9D1C18222F09AE600CB5E8E /* Frameworks */ = {
			isa = PBXFrameworksBuildPhase;
			buildActionMask = 2147483647;
			files = (
			);
			runOnlyForDeploymentPostprocessing = 0;
		};
/* End PBXFrameworksBuildPhase section */

/* Begin PBXGroup section */
		B9D1C17C22F09AE600CB5E8E = {
			isa = PBXGroup;
			children = (
				B9D1C18722F09AE600CB5E8E /* chapter11c */,
				B9D1C18622F09AE600CB5E8E /* Products */,
			);
			sourceTree = "<group>";
		};
		B9D1C18622F09AE600CB5E8E /* Products */ = {
			isa = PBXGroup;
			children = (
				B9D1C18522F09AE600CB5E8E /* chapter11c.app */,
			);
			name = Products;
			sourceTree = "<group>";
		};
		B9D1C18722F09AE600CB5E8E /* chapter11c */ = {
			isa = PBXGroup;
			children = (
				B9D1C18822F09AE600CB5E8E /* AppDelegate.swift */,
				B9D1C18A22F09AE600CB5E8E /* RootViewController.swift */,
				B9D1C19A22F09B8F00CB5E8E /* TileView.swift */,
				B9D1C18F22F09AE800CB5E8E /* Assets.xcassets */,
				B9D1C19122F09AE800CB5E8E /* LaunchScreen.storyboard */,
				B9D1C19422F09AE800CB5E8E /* Info.plist */,
			);
			path = chapter11c;
			sourceTree = "<group>";
		};
/* End PBXGroup section */

/* Begin PBXNativeTarget section */
		B9D1C18422F09AE600CB5E8E /* chapter11c */ = {
			isa = PBXNativeTarget;
			buildConfigurationList = B9D1C19722F09AE800CB5E8E /* Build configuration list for PBXNativeTarget "chapter11c" */;
			buildPhases = (
				B9D1C18122F09AE600CB5E8E /* Sources */,
				B9D1C18222F09AE600CB5E8E /* Frameworks */,
				B9D1C18322F09AE600CB5E8E /* Resources */,
			);
			buildRules = (
			);
			dependencies = (
			);
			name = chapter11c;
			productName = chapter11d;
			productReference = B9D1C18522F09AE600CB5E8E /* chapter11c.app */;
			productType = "com.apple.product-type.application";
		};
/* End PBXNativeTarget section */

/* Begin PBXProject section */
		B9D1C17D22F09AE600CB5E8E /* Project object */ = {
			isa = PBXProject;
			attributes = {
				LastSwiftUpdateCheck = 1030;
				LastUpgradeCheck = 1030;
				ORGANIZATIONNAME = "Matt Brown";
				TargetAttributes = {
					B9D1C18422F09AE600CB5E8E = {
						CreatedOnToolsVersion = 10.3;
					};
				};
			};
			buildConfigurationList = B9D1C18022F09AE600CB5E8E /* Build configuration list for PBXProject "chapter11c" */;
			compatibilityVersion = "Xcode 9.3";
			developmentRegion = en;
			hasScannedForEncodings = 0;
			knownRegions = (
				en,
				Base,
			);
			mainGroup = B9D1C17C22F09AE600CB5E8E;
			productRefGroup = B9D1C18622F09AE600CB5E8E /* Products */;
			projectDirPath = "";
			projectRoot = "";
			targets = (
				B9D1C18422F09AE600CB5E8E /* chapter11c */,
			);
		};
/* End PBXProject section */

/* Begin PBXResourcesBuildPhase section */
		B9D1C18322F09AE600CB5E8E /* Resources */ = {
			isa = PBXResourcesBuildPhase;
			buildActionMask = 2147483647;
			files = (
				B9D1C19322F09AE800CB5E8E /* LaunchScreen.storyboard in Resources */,
				B9D1C19022F09AE800CB5E8E /* Assets.xcassets in Resources */,
			);
			runOnlyForDeploymentPostprocessing = 0;
		};
/* End PBXResourcesBuildPhase section */

/* Begin PBXSourcesBuildPhase section */
		B9D1C18122F09AE600CB5E8E /* Sources */ = {
			isa = PBXSourcesBuildPhase;
			buildActionMask = 2147483647;
			files = (
				B9D1C18B22F09AE600CB5E8E /* RootViewController.swift in Sources */,
				B9D1C19B22F09B8F00CB5E8E /* TileView.swift in Sources */,
				B9D1C18922F09AE600CB5E8E /* AppDelegate.swift in Sources */,
			);
			runOnlyForDeploymentPostprocessing = 0;
		};
/* End PBXSourcesBuildPhase section */

/* Begin PBXVariantGroup section */
		B9D1C19122F09AE800CB5E8E /* LaunchScreen.storyboard */ = {
			isa = PBXVariantGroup;
			children = (
				B9D1C19222F09AE800CB5E8E /* Base */,
			);
			name = LaunchScreen.storyboard;
			sourceTree = "<group>";
		};
/* End PBXVariantGroup section */

/* Begin XCBuildConfiguration section */
		B9D1C19522F09AE800CB5E8E /* Debug */ = {
			isa = XCBuildConfiguration;
			buildSettings = {
				ALWAYS_SEARCH_USER_PATHS = NO;
				CLANG_ANALYZER_NONNULL = YES;
				CLANG_ANALYZER_NUMBER_OBJECT_CONVERSION = YES_AGGRESSIVE;
				CLANG_CXX_LANGUAGE_STANDARD = "gnu++14";
				CLANG_CXX_LIBRARY = "libc++";
				CLANG_ENABLE_MODULES = YES;
				CLANG_ENABLE_OBJC_ARC = YES;
				CLANG_ENABLE_OBJC_WEAK = YES;
				CLANG_WARN_BLOCK_CAPTURE_AUTORELEASING = YES;
				CLANG_WARN_BOOL_CONVERSION = YES;
				CLANG_WARN_COMMA = YES;
				CLANG_WARN_CONSTANT_CONVERSION = YES;
				CLANG_WARN_DEPRECATED_OBJC_IMPLEMENTATIONS = YES;
				CLANG_WARN_DIRECT_OBJC_ISA_USAGE = YES_ERROR;
				CLANG_WARN_DOCUMENTATION_COMMENTS = YES;
				CLANG_WARN_EMPTY_BODY = YES;
				CLANG_WARN_ENUM_CONVERSION = YES;
				CLANG_WARN_INFINITE_RECURSION = YES;
				CLANG_WARN_INT_CONVERSION = YES;
				CLANG_WARN_NON_LITERAL_NULL_CONVERSION = YES;
				CLANG_WARN_OBJC_IMPLICIT_RETAIN_SELF = YES;
				CLANG_WARN_OBJC_LITERAL_CONVERSION = YES;
				CLANG_WARN_OBJC_ROOT_CLASS = YES_ERROR;
				CLANG_WARN_RANGE_LOOP_ANALYSIS = YES;
				CLANG_WARN_STRICT_PROTOTYPES = YES;
				CLANG_WARN_SUSPICIOUS_MOVE = YES;
				CLANG_WARN_UNGUARDED_AVAILABILITY = YES_AGGRESSIVE;
				CLANG_WARN_UNREACHABLE_CODE = YES;
				CLANG_WARN__DUPLICATE_METHOD_MATCH = YES;
				CODE_SIGN_IDENTITY = "iPhone Developer";
				COPY_PHASE_STRIP = NO;
				DEBUG_INFORMATION_FORMAT = dwarf;
				ENABLE_STRICT_OBJC_MSGSEND = YES;
				ENABLE_TESTABILITY = YES;
				GCC_C_LANGUAGE_STANDARD = gnu11;
				GCC_DYNAMIC_NO_PIC = NO;
				GCC_NO_COMMON_BLOCKS = YES;
				GCC_OPTIMIZATION_LEVEL = 0;
				GCC_PREPROCESSOR_DEFINITIONS = (
					"DEBUG=1",
					"$(inherited)",
				);
				GCC_WARN_64_TO_32_BIT_CONVERSION = YES;
				GCC_WARN_ABOUT_RETURN_TYPE = YES_ERROR;
				GCC_WARN_UNDECLARED_SELECTOR = YES;
				GCC_WARN_UNINITIALIZED_AUTOS = YES_AGGRESSIVE;
				GCC_WARN_UNUSED_FUNCTION = YES;
				GCC_WARN_UNUSED_VARIABLE = YES;
				IPHONEOS_DEPLOYMENT_TARGET = 12.4;
				MTL_ENABLE_DEBUG_INFO = INCLUDE_SOURCE;
				MTL_FAST_MATH = YES;
				ONLY_ACTIVE_ARCH = YES;
				SDKROOT = iphoneos;
				SWIFT_ACTIVE_COMPILATION_CONDITIONS = DEBUG;
				SWIFT_OPTIMIZATION_LEVEL = "-Onone";
			};
			name = Debug;
		};
		B9D1C19622F09AE800CB5E8E /* Release */ = {
			isa = XCBuildConfiguration;
			buildSettings = {
				ALWAYS_SEARCH_USER_PATHS = NO;
				CLANG_ANALYZER_NONNULL = YES;
				CLANG_ANALYZER_NUMBER_OBJECT_CONVERSION = YES_AGGRESSIVE;
				CLANG_CXX_LANGUAGE_STANDARD = "gnu++14";
				CLANG_CXX_LIBRARY = "libc++";
				CLANG_ENABLE_MODULES = YES;
				CLANG_ENABLE_OBJC_ARC = YES;
				CLANG_ENABLE_OBJC_WEAK = YES;
				CLANG_WARN_BLOCK_CAPTURE_AUTORELEASING = YES;
				CLANG_WARN_BOOL_CONVERSION = YES;
				CLANG_WARN_COMMA = YES;
				CLANG_WARN_CONSTANT_CONVERSION = YES;
				CLANG_WARN_DEPRECATED_OBJC_IMPLEMENTATIONS = YES;
				CLANG_WARN_DIRECT_OBJC_ISA_USAGE = YES_ERROR;
				CLANG_WARN_DOCUMENTATION_COMMENTS = YES;
				CLANG_WARN_EMPTY_BODY = YES;
				CLANG_WARN_ENUM_CONVERSION = YES;
				CLANG_WARN_INFINITE_RECURSION = YES;
				CLANG_WARN_INT_CONVERSION = YES;
				CLANG_WARN_NON_LITERAL_NULL_CONVERSION = YES;
				CLANG_WARN_OBJC_IMPLICIT_RETAIN_SELF = YES;
				CLANG_WARN_OBJC_LITERAL_CONVERSION = YES;
				CLANG_WARN_OBJC_ROOT_CLASS = YES_ERROR;
				CLANG_WARN_RANGE_LOOP_ANALYSIS = YES;
				CLANG_WARN_STRICT_PROTOTYPES = YES;
				CLANG_WARN_SUSPICIOUS_MOVE = YES;
				CLANG_WARN_UNGUARDED_AVAILABILITY = YES_AGGRESSIVE;
				CLANG_WARN_UNREACHABLE_CODE = YES;
				CLANG_WARN__DUPLICATE_METHOD_MATCH = YES;
				CODE_SIGN_IDENTITY = "iPhone Developer";
				COPY_PHASE_STRIP = NO;
				DEBUG_INFORMATION_FORMAT = "dwarf-with-dsym";
				ENABLE_NS_ASSERTIONS = NO;
				ENABLE_STRICT_OBJC_MSGSEND = YES;
				GCC_C_LANGUAGE_STANDARD = gnu11;
				GCC_NO_COMMON_BLOCKS = YES;
				GCC_WARN_64_TO_32_BIT_CONVERSION = YES;
				GCC_WARN_ABOUT_RETURN_TYPE = YES_ERROR;
				GCC_WARN_UNDECLARED_SELECTOR = YES;
				GCC_WARN_UNINITIALIZED_AUTOS = YES_AGGRESSIVE;
				GCC_WARN_UNUSED_FUNCTION = YES;
				GCC_WARN_UNUSED_VARIABLE = YES;
				IPHONEOS_DEPLOYMENT_TARGET = 12.4;
				MTL_ENABLE_DEBUG_INFO = NO;
				MTL_FAST_MATH = YES;
				SDKROOT = iphoneos;
				SWIFT_COMPILATION_MODE = wholemodule;
				SWIFT_OPTIMIZATION_LEVEL = "-O";
				VALIDATE_PRODUCT = YES;
			};
			name = Release;
		};
		B9D1C19822F09AE800CB5E8E /* Debug */ = {
			isa = XCBuildConfiguration;
			buildSettings = {
				ASSETCATALOG_COMPILER_APPICON_NAME = AppIcon;
				CODE_SIGN_STYLE = Automatic;
				DEVELOPMENT_TEAM = 9C5ND6VFEN;
				INFOPLIST_FILE = "$(SRCROOT)/chapter11c/Info.plist";
				LD_RUNPATH_SEARCH_PATHS = (
					"$(inherited)",
					"@executable_path/Frameworks",
				);
				PRODUCT_BUNDLE_IDENTIFIER = "com.seventhaxis.modern-auto-layout.chapter11d";
				PRODUCT_NAME = "$(TARGET_NAME)";
				SWIFT_VERSION = 5.0;
				TARGETED_DEVICE_FAMILY = "1,2";
			};
			name = Debug;
		};
		B9D1C19922F09AE800CB5E8E /* Release */ = {
			isa = XCBuildConfiguration;
			buildSettings = {
				ASSETCATALOG_COMPILER_APPICON_NAME = AppIcon;
				CODE_SIGN_STYLE = Automatic;
				DEVELOPMENT_TEAM = 9C5ND6VFEN;
				INFOPLIST_FILE = "$(SRCROOT)/chapter11c/Info.plist";
				LD_RUNPATH_SEARCH_PATHS = (
					"$(inherited)",
					"@executable_path/Frameworks",
				);
				PRODUCT_BUNDLE_IDENTIFIER = "com.seventhaxis.modern-auto-layout.chapter11d";
				PRODUCT_NAME = "$(TARGET_NAME)";
				SWIFT_VERSION = 5.0;
				TARGETED_DEVICE_FAMILY = "1,2";
			};
			name = Release;
		};
/* End XCBuildConfiguration section */

/* Begin XCConfigurationList section */
		B9D1C18022F09AE600CB5E8E /* Build configuration list for PBXProject "chapter11c" */ = {
			isa = XCConfigurationList;
			buildConfigurations = (
				B9D1C19522F09AE800CB5E8E /* Debug */,
				B9D1C19622F09AE800CB5E8E /* Release */,
			);
			defaultConfigurationIsVisible = 0;
			defaultConfigurationName = Release;
		};
		B9D1C19722F09AE800CB5E8E /* Build configuration list for PBXNativeTarget "chapter11c" */ = {
			isa = XCConfigurationList;
			buildConfigurations = (
				B9D1C19822F09AE800CB5E8E /* Debug */,
				B9D1C19922F09AE800CB5E8E /* Release */,
			);
			defaultConfigurationIsVisible = 0;
			defaultConfigurationName = Release;
		};
/* End XCConfigurationList section */
	};
	rootObject = B9D1C17D22F09AE600CB5E8E /* Project object */;
}
