// !$*UTF8*$!
{
	archiveVersion = 1;
	classes = {
	};
	objectVersion = 50;
	objects = {

/* Begin PBXBuildFile section */
		B974885B22EF4E0C0094794F /* AppDelegate.swift in Sources */ = {isa = PBXBuildFile; fileRef = B974885A22EF4E0C0094794F /* AppDelegate.swift */; };
		B974885D22EF4E0C0094794F /* RootViewController.swift in Sources */ = {isa = PBXBuildFile; fileRef = B974885C22EF4E0C0094794F /* RootViewController.swift */; };
		B974886222EF4E0D0094794F /* Assets.xcassets in Resources */ = {isa = PBXBuildFile; fileRef = B974886122EF4E0D0094794F /* Assets.xcassets */; };
		B974886522EF4E0D0094794F /* LaunchScreen.storyboard in Resources */ = {isa = PBXBuildFile; fileRef = B974886322EF4E0D0094794F /* LaunchScreen.storyboard */; };
		B974886D22EF4EA20094794F /* UIView+AmbiguousLayout.swift in Sources */ = {isa = PBXBuildFile; fileRef = B974886C22EF4EA20094794F /* UIView+AmbiguousLayout.swift */; };
		B974886F22EF4EF70094794F /* TileView.swift in Sources */ = {isa = PBXBuildFile; fileRef = B974886E22EF4EF70094794F /* TileView.swift */; };
/* End PBXBuildFile section */

/* Begin PBXFileReference section */
		B974885722EF4E0C0094794F /* chapter10a.app */ = {isa = PBXFileReference; explicitFileType = wrapper.application; includeInIndex = 0; path = chapter10a.app; sourceTree = BUILT_PRODUCTS_DIR; };
		B974885A22EF4E0C0094794F /* AppDelegate.swift */ = {isa = PBXFileReference; lastKnownFileType = sourcecode.swift; path = AppDelegate.swift; sourceTree = "<group>"; };
		B974885C22EF4E0C0094794F /* RootViewController.swift */ = {isa = PBXFileReference; lastKnownFileType = sourcecode.swift; path = RootViewController.swift; sourceTree = "<group>"; };
		B974886122EF4E0D0094794F /* Assets.xcassets */ = {isa = PBXFileReference; lastKnownFileType = folder.assetcatalog; path = Assets.xcassets; sourceTree = "<group>"; };
		B974886422EF4E0D0094794F /* Base */ = {isa = PBXFileReference; lastKnownFileType = file.storyboard; name = Base; path = Base.lproj/LaunchScreen.storyboard; sourceTree = "<group>"; };
		B974886622EF4E0D0094794F /* Info.plist */ = {isa = PBXFileReference; lastKnownFileType = text.plist.xml; path = Info.plist; sourceTree = "<group>"; };
		B974886C22EF4EA20094794F /* UIView+AmbiguousLayout.swift */ = {isa = PBXFileReference; lastKnownFileType = sourcecode.swift; path = "UIView+AmbiguousLayout.swift"; sourceTree = "<group>"; };
		B974886E22EF4EF70094794F /* TileView.swift */ = {isa = PBXFileReference; lastKnownFileType = sourcecode.swift; path = TileView.swift; sourceTree = "<group>"; };
/* End PBXFileReference section */

/* Begin PBXFrameworksBuildPhase section */
		B974885422EF4E0B0094794F /* Frameworks */ = {
			isa = PBXFrameworksBuildPhase;
			buildActionMask = 2147483647;
			files = (
			);
			runOnlyForDeploymentPostprocessing = 0;
		};
/* End PBXFrameworksBuildPhase section */

/* Begin PBXGroup section */
		B974884E22EF4E0B0094794F = {
			isa = PBXGroup;
			children = (
				B974885922EF4E0C0094794F /* chapter10a */,
				B974885822EF4E0C0094794F /* Products */,
			);
			sourceTree = "<group>";
		};
		B974885822EF4E0C0094794F /* Products */ = {
			isa = PBXGroup;
			children = (
				B974885722EF4E0C0094794F /* chapter10a.app */,
			);
			name = Products;
			sourceTree = "<group>";
		};
		B974885922EF4E0C0094794F /* chapter10a */ = {
			isa = PBXGroup;
			children = (
				B974885A22EF4E0C0094794F /* AppDelegate.swift */,
				B974886C22EF4EA20094794F /* UIView+AmbiguousLayout.swift */,
				B974885C22EF4E0C0094794F /* RootViewController.swift */,
				B974886E22EF4EF70094794F /* TileView.swift */,
				B974886122EF4E0D0094794F /* Assets.xcassets */,
				B974886322EF4E0D0094794F /* LaunchScreen.storyboard */,
				B974886622EF4E0D0094794F /* Info.plist */,
			);
			path = chapter10a;
			sourceTree = "<group>";
		};
/* End PBXGroup section */

/* Begin PBXNativeTarget section */
		B974885622EF4E0B0094794F /* chapter10a */ = {
			isa = PBXNativeTarget;
			buildConfigurationList = B974886922EF4E0D0094794F /* Build configuration list for PBXNativeTarget "chapter10a" */;
			buildPhases = (
				B974885322EF4E0B0094794F /* Sources */,
				B974885422EF4E0B0094794F /* Frameworks */,
				B974885522EF4E0B0094794F /* Resources */,
			);
			buildRules = (
			);
			dependencies = (
			);
			name = chapter10a;
			productName = chapter10a;
			productReference = B974885722EF4E0C0094794F /* chapter10a.app */;
			productType = "com.apple.product-type.application";
		};
/* End PBXNativeTarget section */

/* Begin PBXProject section */
		B974884F22EF4E0B0094794F /* Project object */ = {
			isa = PBXProject;
			attributes = {
				LastSwiftUpdateCheck = 1030;
				LastUpgradeCheck = 1030;
				ORGANIZATIONNAME = "Matt Brown";
				TargetAttributes = {
					B974885622EF4E0B0094794F = {
						CreatedOnToolsVersion = 10.3;
					};
				};
			};
			buildConfigurationList = B974885222EF4E0B0094794F /* Build configuration list for PBXProject "chapter10a" */;
			compatibilityVersion = "Xcode 9.3";
			developmentRegion = en;
			hasScannedForEncodings = 0;
			knownRegions = (
				en,
				Base,
			);
			mainGroup = B974884E22EF4E0B0094794F;
			productRefGroup = B974885822EF4E0C0094794F /* Products */;
			projectDirPath = "";
			projectRoot = "";
			targets = (
				B974885622EF4E0B0094794F /* chapter10a */,
			);
		};
/* End PBXProject section */

/* Begin PBXResourcesBuildPhase section */
		B974885522EF4E0B0094794F /* Resources */ = {
			isa = PBXResourcesBuildPhase;
			buildActionMask = 2147483647;
			files = (
				B974886522EF4E0D0094794F /* LaunchScreen.storyboard in Resources */,
				B974886222EF4E0D0094794F /* Assets.xcassets in Resources */,
			);
			runOnlyForDeploymentPostprocessing = 0;
		};
/* End PBXResourcesBuildPhase section */

/* Begin PBXSourcesBuildPhase section */
		B974885322EF4E0B0094794F /* Sources */ = {
			isa = PBXSourcesBuildPhase;
			buildActionMask = 2147483647;
			files = (
				B974885D22EF4E0C0094794F /* RootViewController.swift in Sources */,
				B974885B22EF4E0C0094794F /* AppDelegate.swift in Sources */,
				B974886F22EF4EF70094794F /* TileView.swift in Sources */,
				B974886D22EF4EA20094794F /* UIView+AmbiguousLayout.swift in Sources */,
			);
			runOnlyForDeploymentPostprocessing = 0;
		};
/* End PBXSourcesBuildPhase section */

/* Begin PBXVariantGroup section */
		B974886322EF4E0D0094794F /* LaunchScreen.storyboard */ = {
			isa = PBXVariantGroup;
			children = (
				B974886422EF4E0D0094794F /* Base */,
			);
			name = LaunchScreen.storyboard;
			sourceTree = "<group>";
		};
/* End PBXVariantGroup section */

/* Begin XCBuildConfiguration section */
		B974886722EF4E0D0094794F /* Debug */ = {
			isa = XCBuildConfiguration;
			buildSettings = {
				ALWAYS_SEARCH_USER_PATHS = NO;
				CLANG_ANALYZER_NONNULL = YES;
				CLANG_ANALYZER_NUMBER_OBJECT_CONVERSION = YES_AGGRESSIVE;
				CLANG_CXX_LANGUAGE_STANDARD = "gnu++14";
				CLANG_CXX_LIBRARY = "libc++";
				CLANG_ENABLE_MODULES = YES;
				CLANG_ENABLE_OBJC_ARC = YES;
				CLANG_ENABLE_OBJC_WEAK = YES;
				CLANG_WARN_BLOCK_CAPTURE_AUTORELEASING = YES;
				CLANG_WARN_BOOL_CONVERSION = YES;
				CLANG_WARN_COMMA = YES;
				CLANG_WARN_CONSTANT_CONVERSION = YES;
				CLANG_WARN_DEPRECATED_OBJC_IMPLEMENTATIONS = YES;
				CLANG_WARN_DIRECT_OBJC_ISA_USAGE = YES_ERROR;
				CLANG_WARN_DOCUMENTATION_COMMENTS = YES;
				CLANG_WARN_EMPTY_BODY = YES;
				CLANG_WARN_ENUM_CONVERSION = YES;
				CLANG_WARN_INFINITE_RECURSION = YES;
				CLANG_WARN_INT_CONVERSION = YES;
				CLANG_WARN_NON_LITERAL_NULL_CONVERSION = YES;
				CLANG_WARN_OBJC_IMPLICIT_RETAIN_SELF = YES;
				CLANG_WARN_OBJC_LITERAL_CONVERSION = YES;
				CLANG_WARN_OBJC_ROOT_CLASS = YES_ERROR;
				CLANG_WARN_RANGE_LOOP_ANALYSIS = YES;
				CLANG_WARN_STRICT_PROTOTYPES = YES;
				CLANG_WARN_SUSPICIOUS_MOVE = YES;
				CLANG_WARN_UNGUARDED_AVAILABILITY = YES_AGGRESSIVE;
				CLANG_WARN_UNREACHABLE_CODE = YES;
				CLANG_WARN__DUPLICATE_METHOD_MATCH = YES;
				CODE_SIGN_IDENTITY = "iPhone Developer";
				COPY_PHASE_STRIP = NO;
				DEBUG_INFORMATION_FORMAT = dwarf;
				ENABLE_STRICT_OBJC_MSGSEND = YES;
				ENABLE_TESTABILITY = YES;
				GCC_C_LANGUAGE_STANDARD = gnu11;
				GCC_DYNAMIC_NO_PIC = NO;
				GCC_NO_COMMON_BLOCKS = YES;
				GCC_OPTIMIZATION_LEVEL = 0;
				GCC_PREPROCESSOR_DEFINITIONS = (
					"DEBUG=1",
					"$(inherited)",
				);
				GCC_WARN_64_TO_32_BIT_CONVERSION = YES;
				GCC_WARN_ABOUT_RETURN_TYPE = YES_ERROR;
				GCC_WARN_UNDECLARED_SELECTOR = YES;
				GCC_WARN_UNINITIALIZED_AUTOS = YES_AGGRESSIVE;
				GCC_WARN_UNUSED_FUNCTION = YES;
				GCC_WARN_UNUSED_VARIABLE = YES;
				IPHONEOS_DEPLOYMENT_TARGET = 12.4;
				MTL_ENABLE_DEBUG_INFO = INCLUDE_SOURCE;
				MTL_FAST_MATH = YES;
				ONLY_ACTIVE_ARCH = YES;
				SDKROOT = iphoneos;
				SWIFT_ACTIVE_COMPILATION_CONDITIONS = DEBUG;
				SWIFT_OPTIMIZATION_LEVEL = "-Onone";
			};
			name = Debug;
		};
		B974886822EF4E0D0094794F /* Release */ = {
			isa = XCBuildConfiguration;
			buildSettings = {
				ALWAYS_SEARCH_USER_PATHS = NO;
				CLANG_ANALYZER_NONNULL = YES;
				CLANG_ANALYZER_NUMBER_OBJECT_CONVERSION = YES_AGGRESSIVE;
				CLANG_CXX_LANGUAGE_STANDARD = "gnu++14";
				CLANG_CXX_LIBRARY = "libc++";
				CLANG_ENABLE_MODULES = YES;
				CLANG_ENABLE_OBJC_ARC = YES;
				CLANG_ENABLE_OBJC_WEAK = YES;
				CLANG_WARN_BLOCK_CAPTURE_AUTORELEASING = YES;
				CLANG_WARN_BOOL_CONVERSION = YES;
				CLANG_WARN_COMMA = YES;
				CLANG_WARN_CONSTANT_CONVERSION = YES;
				CLANG_WARN_DEPRECATED_OBJC_IMPLEMENTATIONS = YES;
				CLANG_WARN_DIRECT_OBJC_ISA_USAGE = YES_ERROR;
				CLANG_WARN_DOCUMENTATION_COMMENTS = YES;
				CLANG_WARN_EMPTY_BODY = YES;
				CLANG_WARN_ENUM_CONVERSION = YES;
				CLANG_WARN_INFINITE_RECURSION = YES;
				CLANG_WARN_INT_CONVERSION = YES;
				CLANG_WARN_NON_LITERAL_NULL_CONVERSION = YES;
				CLANG_WARN_OBJC_IMPLICIT_RETAIN_SELF = YES;
				CLANG_WARN_OBJC_LITERAL_CONVERSION = YES;
				CLANG_WARN_OBJC_ROOT_CLASS = YES_ERROR;
				CLANG_WARN_RANGE_LOOP_ANALYSIS = YES;
				CLANG_WARN_STRICT_PROTOTYPES = YES;
				CLANG_WARN_SUSPICIOUS_MOVE = YES;
				CLANG_WARN_UNGUARDED_AVAILABILITY = YES_AGGRESSIVE;
				CLANG_WARN_UNREACHABLE_CODE = YES;
				CLANG_WARN__DUPLICATE_METHOD_MATCH = YES;
				CODE_SIGN_IDENTITY = "iPhone Developer";
				COPY_PHASE_STRIP = NO;
				DEBUG_INFORMATION_FORMAT = "dwarf-with-dsym";
				ENABLE_NS_ASSERTIONS = NO;
				ENABLE_STRICT_OBJC_MSGSEND = YES;
				GCC_C_LANGUAGE_STANDARD = gnu11;
				GCC_NO_COMMON_BLOCKS = YES;
				GCC_WARN_64_TO_32_BIT_CONVERSION = YES;
				GCC_WARN_ABOUT_RETURN_TYPE = YES_ERROR;
				GCC_WARN_UNDECLARED_SELECTOR = YES;
				GCC_WARN_UNINITIALIZED_AUTOS = YES_AGGRESSIVE;
				GCC_WARN_UNUSED_FUNCTION = YES;
				GCC_WARN_UNUSED_VARIABLE = YES;
				IPHONEOS_DEPLOYMENT_TARGET = 12.4;
				MTL_ENABLE_DEBUG_INFO = NO;
				MTL_FAST_MATH = YES;
				SDKROOT = iphoneos;
				SWIFT_COMPILATION_MODE = wholemodule;
				SWIFT_OPTIMIZATION_LEVEL = "-O";
				VALIDATE_PRODUCT = YES;
			};
			name = Release;
		};
		B974886A22EF4E0D0094794F /* Debug */ = {
			isa = XCBuildConfiguration;
			buildSettings = {
				ASSETCATALOG_COMPILER_APPICON_NAME = AppIcon;
				CODE_SIGN_STYLE = Automatic;
				DEVELOPMENT_TEAM = 9C5ND6VFEN;
				INFOPLIST_FILE = chapter10a/Info.plist;
				LD_RUNPATH_SEARCH_PATHS = (
					"$(inherited)",
					"@executable_path/Frameworks",
				);
				PRODUCT_BUNDLE_IDENTIFIER = "com.seventhaxis.modern-auto-layout.chapter10a";
				PRODUCT_NAME = "$(TARGET_NAME)";
				SWIFT_VERSION = 5.0;
				TARGETED_DEVICE_FAMILY = "1,2";
			};
			name = Debug;
		};
		B974886B22EF4E0D0094794F /* Release */ = {
			isa = XCBuildConfiguration;
			buildSettings = {
				ASSETCATALOG_COMPILER_APPICON_NAME = AppIcon;
				CODE_SIGN_STYLE = Automatic;
				DEVELOPMENT_TEAM = 9C5ND6VFEN;
				INFOPLIST_FILE = chapter10a/Info.plist;
				LD_RUNPATH_SEARCH_PATHS = (
					"$(inherited)",
					"@executable_path/Frameworks",
				);
				PRODUCT_BUNDLE_IDENTIFIER = "com.seventhaxis.modern-auto-layout.chapter10a";
				PRODUCT_NAME = "$(TARGET_NAME)";
				SWIFT_VERSION = 5.0;
				TARGETED_DEVICE_FAMILY = "1,2";
			};
			name = Release;
		};
/* End XCBuildConfiguration section */

/* Begin XCConfigurationList section */
		B974885222EF4E0B0094794F /* Build configuration list for PBXProject "chapter10a" */ = {
			isa = XCConfigurationList;
			buildConfigurations = (
				B974886722EF4E0D0094794F /* Debug */,
				B974886822EF4E0D0094794F /* Release */,
			);
			defaultConfigurationIsVisible = 0;
			defaultConfigurationName = Release;
		};
		B974886922EF4E0D0094794F /* Build configuration list for PBXNativeTarget "chapter10a" */ = {
			isa = XCConfigurationList;
			buildConfigurations = (
				B974886A22EF4E0D0094794F /* Debug */,
				B974886B22EF4E0D0094794F /* Release */,
			);
			defaultConfigurationIsVisible = 0;
			defaultConfigurationName = Release;
		};
/* End XCConfigurationList section */
	};
	rootObject = B974884F22EF4E0B0094794F /* Project object */;
}
