// !$*UTF8*$!
{
	archiveVersion = 1;
	classes = {
	};
	objectVersion = 50;
	objects = {

/* Begin PBXBuildFile section */
		B9F7E10022D104B40046AC02 /* AppDelegate.swift in Sources */ = {isa = PBXBuildFile; fileRef = B9F7E0FF22D104B40046AC02 /* AppDelegate.swift */; };
		B9F7E10222D104B40046AC02 /* RootViewController.swift in Sources */ = {isa = PBXBuildFile; fileRef = B9F7E10122D104B40046AC02 /* RootViewController.swift */; };
		B9F7E10522D104B40046AC02 /* Main.storyboard in Resources */ = {isa = PBXBuildFile; fileRef = B9F7E10322D104B40046AC02 /* Main.storyboard */; };
		B9F7E10722D104B40046AC02 /* Assets.xcassets in Resources */ = {isa = PBXBuildFile; fileRef = B9F7E10622D104B40046AC02 /* Assets.xcassets */; };
		B9F7E10A22D104B40046AC02 /* LaunchScreen.storyboard in Resources */ = {isa = PBXBuildFile; fileRef = B9F7E10822D104B40046AC02 /* LaunchScreen.storyboard */; };
		B9F7E11222D1561B0046AC02 /* RGBView.swift in Sources */ = {isa = PBXBuildFile; fileRef = B9F7E11122D1561B0046AC02 /* RGBView.swift */; };
/* End PBXBuildFile section */

/* Begin PBXFileReference section */
		B9F7E0FC22D104B40046AC02 /* ch02-3.app */ = {isa = PBXFileReference; explicitFileType = wrapper.application; includeInIndex = 0; path = "ch02-3.app"; sourceTree = BUILT_PRODUCTS_DIR; };
		B9F7E0FF22D104B40046AC02 /* AppDelegate.swift */ = {isa = PBXFileReference; lastKnownFileType = sourcecode.swift; path = AppDelegate.swift; sourceTree = "<group>"; };
		B9F7E10122D104B40046AC02 /* RootViewController.swift */ = {isa = PBXFileReference; lastKnownFileType = sourcecode.swift; path = RootViewController.swift; sourceTree = "<group>"; };
		B9F7E10422D104B40046AC02 /* Base */ = {isa = PBXFileReference; lastKnownFileType = file.storyboard; name = Base; path = Base.lproj/Main.storyboard; sourceTree = "<group>"; };
		B9F7E10622D104B40046AC02 /* Assets.xcassets */ = {isa = PBXFileReference; lastKnownFileType = folder.assetcatalog; path = Assets.xcassets; sourceTree = "<group>"; };
		B9F7E10922D104B40046AC02 /* Base */ = {isa = PBXFileReference; lastKnownFileType = file.storyboard; name = Base; path = Base.lproj/LaunchScreen.storyboard; sourceTree = "<group>"; };
		B9F7E10B22D104B50046AC02 /* Info.plist */ = {isa = PBXFileReference; lastKnownFileType = text.plist.xml; path = Info.plist; sourceTree = "<group>"; };
		B9F7E11122D1561B0046AC02 /* RGBView.swift */ = {isa = PBXFileReference; lastKnownFileType = sourcecode.swift; path = RGBView.swift; sourceTree = "<group>"; };
/* End PBXFileReference section */

/* Begin PBXFrameworksBuildPhase section */
		B9F7E0F922D104B40046AC02 /* Frameworks */ = {
			isa = PBXFrameworksBuildPhase;
			buildActionMask = 2147483647;
			files = (
			);
			runOnlyForDeploymentPostprocessing = 0;
		};
/* End PBXFrameworksBuildPhase section */

/* Begin PBXGroup section */
		B9F7E0F322D104B40046AC02 = {
			isa = PBXGroup;
			children = (
				B9F7E0FE22D104B40046AC02 /* ch02-3 */,
				B9F7E0FD22D104B40046AC02 /* Products */,
			);
			sourceTree = "<group>";
		};
		B9F7E0FD22D104B40046AC02 /* Products */ = {
			isa = PBXGroup;
			children = (
				B9F7E0FC22D104B40046AC02 /* ch02-3.app */,
			);
			name = Products;
			sourceTree = "<group>";
		};
		B9F7E0FE22D104B40046AC02 /* ch02-3 */ = {
			isa = PBXGroup;
			children = (
				B9F7E0FF22D104B40046AC02 /* AppDelegate.swift */,
				B9F7E10122D104B40046AC02 /* RootViewController.swift */,
				B9F7E11122D1561B0046AC02 /* RGBView.swift */,
				B9F7E10322D104B40046AC02 /* Main.storyboard */,
				B9F7E10622D104B40046AC02 /* Assets.xcassets */,
				B9F7E10822D104B40046AC02 /* LaunchScreen.storyboard */,
				B9F7E10B22D104B50046AC02 /* Info.plist */,
			);
			path = "ch02-3";
			sourceTree = "<group>";
		};
/* End PBXGroup section */

/* Begin PBXNativeTarget section */
		B9F7E0FB22D104B40046AC02 /* ch02-3 */ = {
			isa = PBXNativeTarget;
			buildConfigurationList = B9F7E10E22D104B50046AC02 /* Build configuration list for PBXNativeTarget "ch02-3" */;
			buildPhases = (
				B9F7E0F822D104B40046AC02 /* Sources */,
				B9F7E0F922D104B40046AC02 /* Frameworks */,
				B9F7E0FA22D104B40046AC02 /* Resources */,
			);
			buildRules = (
			);
			dependencies = (
			);
			name = "ch02-3";
			productName = "ch02-3";
			productReference = B9F7E0FC22D104B40046AC02 /* ch02-3.app */;
			productType = "com.apple.product-type.application";
		};
/* End PBXNativeTarget section */

/* Begin PBXProject section */
		B9F7E0F422D104B40046AC02 /* Project object */ = {
			isa = PBXProject;
			attributes = {
				LastSwiftUpdateCheck = 1020;
				LastUpgradeCheck = 1020;
				ORGANIZATIONNAME = "Matt Brown";
				TargetAttributes = {
					B9F7E0FB22D104B40046AC02 = {
						CreatedOnToolsVersion = 10.2.1;
					};
				};
			};
			buildConfigurationList = B9F7E0F722D104B40046AC02 /* Build configuration list for PBXProject "ch02-3" */;
			compatibilityVersion = "Xcode 9.3";
			developmentRegion = en;
			hasScannedForEncodings = 0;
			knownRegions = (
				en,
				Base,
			);
			mainGroup = B9F7E0F322D104B40046AC02;
			productRefGroup = B9F7E0FD22D104B40046AC02 /* Products */;
			projectDirPath = "";
			projectRoot = "";
			targets = (
				B9F7E0FB22D104B40046AC02 /* ch02-3 */,
			);
		};
/* End PBXProject section */

/* Begin PBXResourcesBuildPhase section */
		B9F7E0FA22D104B40046AC02 /* Resources */ = {
			isa = PBXResourcesBuildPhase;
			buildActionMask = 2147483647;
			files = (
				B9F7E10A22D104B40046AC02 /* LaunchScreen.storyboard in Resources */,
				B9F7E10722D104B40046AC02 /* Assets.xcassets in Resources */,
				B9F7E10522D104B40046AC02 /* Main.storyboard in Resources */,
			);
			runOnlyForDeploymentPostprocessing = 0;
		};
/* End PBXResourcesBuildPhase section */

/* Begin PBXSourcesBuildPhase section */
		B9F7E0F822D104B40046AC02 /* Sources */ = {
			isa = PBXSourcesBuildPhase;
			buildActionMask = 2147483647;
			files = (
				B9F7E11222D1561B0046AC02 /* RGBView.swift in Sources */,
				B9F7E10222D104B40046AC02 /* RootViewController.swift in Sources */,
				B9F7E10022D104B40046AC02 /* AppDelegate.swift in Sources */,
			);
			runOnlyForDeploymentPostprocessing = 0;
		};
/* End PBXSourcesBuildPhase section */

/* Begin PBXVariantGroup section */
		B9F7E10322D104B40046AC02 /* Main.storyboard */ = {
			isa = PBXVariantGroup;
			children = (
				B9F7E10422D104B40046AC02 /* Base */,
			);
			name = Main.storyboard;
			sourceTree = "<group>";
		};
		B9F7E10822D104B40046AC02 /* LaunchScreen.storyboard */ = {
			isa = PBXVariantGroup;
			children = (
				B9F7E10922D104B40046AC02 /* Base */,
			);
			name = LaunchScreen.storyboard;
			sourceTree = "<group>";
		};
/* End PBXVariantGroup section */

/* Begin XCBuildConfiguration section */
		B9F7E10C22D104B50046AC02 /* Debug */ = {
			isa = XCBuildConfiguration;
			buildSettings = {
				ALWAYS_SEARCH_USER_PATHS = NO;
				CLANG_ANALYZER_NONNULL = YES;
				CLANG_ANALYZER_NUMBER_OBJECT_CONVERSION = YES_AGGRESSIVE;
				CLANG_CXX_LANGUAGE_STANDARD = "gnu++14";
				CLANG_CXX_LIBRARY = "libc++";
				CLANG_ENABLE_MODULES = YES;
				CLANG_ENABLE_OBJC_ARC = YES;
				CLANG_ENABLE_OBJC_WEAK = YES;
				CLANG_WARN_BLOCK_CAPTURE_AUTORELEASING = YES;
				CLANG_WARN_BOOL_CONVERSION = YES;
				CLANG_WARN_COMMA = YES;
				CLANG_WARN_CONSTANT_CONVERSION = YES;
				CLANG_WARN_DEPRECATED_OBJC_IMPLEMENTATIONS = YES;
				CLANG_WARN_DIRECT_OBJC_ISA_USAGE = YES_ERROR;
				CLANG_WARN_DOCUMENTATION_COMMENTS = YES;
				CLANG_WARN_EMPTY_BODY = YES;
				CLANG_WARN_ENUM_CONVERSION = YES;
				CLANG_WARN_INFINITE_RECURSION = YES;
				CLANG_WARN_INT_CONVERSION = YES;
				CLANG_WARN_NON_LITERAL_NULL_CONVERSION = YES;
				CLANG_WARN_OBJC_IMPLICIT_RETAIN_SELF = YES;
				CLANG_WARN_OBJC_LITERAL_CONVERSION = YES;
				CLANG_WARN_OBJC_ROOT_CLASS = YES_ERROR;
				CLANG_WARN_RANGE_LOOP_ANALYSIS = YES;
				CLANG_WARN_STRICT_PROTOTYPES = YES;
				CLANG_WARN_SUSPICIOUS_MOVE = YES;
				CLANG_WARN_UNGUARDED_AVAILABILITY = YES_AGGRESSIVE;
				CLANG_WARN_UNREACHABLE_CODE = YES;
				CLANG_WARN__DUPLICATE_METHOD_MATCH = YES;
				CODE_SIGN_IDENTITY = "iPhone Developer";
				COPY_PHASE_STRIP = NO;
				DEBUG_INFORMATION_FORMAT = dwarf;
				ENABLE_STRICT_OBJC_MSGSEND = YES;
				ENABLE_TESTABILITY = YES;
				GCC_C_LANGUAGE_STANDARD = gnu11;
				GCC_DYNAMIC_NO_PIC = NO;
				GCC_NO_COMMON_BLOCKS = YES;
				GCC_OPTIMIZATION_LEVEL = 0;
				GCC_PREPROCESSOR_DEFINITIONS = (
					"DEBUG=1",
					"$(inherited)",
				);
				GCC_WARN_64_TO_32_BIT_CONVERSION = YES;
				GCC_WARN_ABOUT_RETURN_TYPE = YES_ERROR;
				GCC_WARN_UNDECLARED_SELECTOR = YES;
				GCC_WARN_UNINITIALIZED_AUTOS = YES_AGGRESSIVE;
				GCC_WARN_UNUSED_FUNCTION = YES;
				GCC_WARN_UNUSED_VARIABLE = YES;
				IPHONEOS_DEPLOYMENT_TARGET = 12.2;
				MTL_ENABLE_DEBUG_INFO = INCLUDE_SOURCE;
				MTL_FAST_MATH = YES;
				ONLY_ACTIVE_ARCH = YES;
				SDKROOT = iphoneos;
				SWIFT_ACTIVE_COMPILATION_CONDITIONS = DEBUG;
				SWIFT_OPTIMIZATION_LEVEL = "-Onone";
			};
			name = Debug;
		};
		B9F7E10D22D104B50046AC02 /* Release */ = {
			isa = XCBuildConfiguration;
			buildSettings = {
				ALWAYS_SEARCH_USER_PATHS = NO;
				CLANG_ANALYZER_NONNULL = YES;
				CLANG_ANALYZER_NUMBER_OBJECT_CONVERSION = YES_AGGRESSIVE;
				CLANG_CXX_LANGUAGE_STANDARD = "gnu++14";
				CLANG_CXX_LIBRARY = "libc++";
				CLANG_ENABLE_MODULES = YES;
				CLANG_ENABLE_OBJC_ARC = YES;
				CLANG_ENABLE_OBJC_WEAK = YES;
				CLANG_WARN_BLOCK_CAPTURE_AUTORELEASING = YES;
				CLANG_WARN_BOOL_CONVERSION = YES;
				CLANG_WARN_COMMA = YES;
				CLANG_WARN_CONSTANT_CONVERSION = YES;
				CLANG_WARN_DEPRECATED_OBJC_IMPLEMENTATIONS = YES;
				CLANG_WARN_DIRECT_OBJC_ISA_USAGE = YES_ERROR;
				CLANG_WARN_DOCUMENTATION_COMMENTS = YES;
				CLANG_WARN_EMPTY_BODY = YES;
				CLANG_WARN_ENUM_CONVERSION = YES;
				CLANG_WARN_INFINITE_RECURSION = YES;
				CLANG_WARN_INT_CONVERSION = YES;
				CLANG_WARN_NON_LITERAL_NULL_CONVERSION = YES;
				CLANG_WARN_OBJC_IMPLICIT_RETAIN_SELF = YES;
				CLANG_WARN_OBJC_LITERAL_CONVERSION = YES;
				CLANG_WARN_OBJC_ROOT_CLASS = YES_ERROR;
				CLANG_WARN_RANGE_LOOP_ANALYSIS = YES;
				CLANG_WARN_STRICT_PROTOTYPES = YES;
				CLANG_WARN_SUSPICIOUS_MOVE = YES;
				CLANG_WARN_UNGUARDED_AVAILABILITY = YES_AGGRESSIVE;
				CLANG_WARN_UNREACHABLE_CODE = YES;
				CLANG_WARN__DUPLICATE_METHOD_MATCH = YES;
				CODE_SIGN_IDENTITY = "iPhone Developer";
				COPY_PHASE_STRIP = NO;
				DEBUG_INFORMATION_FORMAT = "dwarf-with-dsym";
				ENABLE_NS_ASSERTIONS = NO;
				ENABLE_STRICT_OBJC_MSGSEND = YES;
				GCC_C_LANGUAGE_STANDARD = gnu11;
				GCC_NO_COMMON_BLOCKS = YES;
				GCC_WARN_64_TO_32_BIT_CONVERSION = YES;
				GCC_WARN_ABOUT_RETURN_TYPE = YES_ERROR;
				GCC_WARN_UNDECLARED_SELECTOR = YES;
				GCC_WARN_UNINITIALIZED_AUTOS = YES_AGGRESSIVE;
				GCC_WARN_UNUSED_FUNCTION = YES;
				GCC_WARN_UNUSED_VARIABLE = YES;
				IPHONEOS_DEPLOYMENT_TARGET = 12.2;
				MTL_ENABLE_DEBUG_INFO = NO;
				MTL_FAST_MATH = YES;
				SDKROOT = iphoneos;
				SWIFT_COMPILATION_MODE = wholemodule;
				SWIFT_OPTIMIZATION_LEVEL = "-O";
				VALIDATE_PRODUCT = YES;
			};
			name = Release;
		};
		B9F7E10F22D104B50046AC02 /* Debug */ = {
			isa = XCBuildConfiguration;
			buildSettings = {
				ASSETCATALOG_COMPILER_APPICON_NAME = AppIcon;
				CODE_SIGN_STYLE = Automatic;
				DEVELOPMENT_TEAM = 9C5ND6VFEN;
				INFOPLIST_FILE = "ch02-3/Info.plist";
				LD_RUNPATH_SEARCH_PATHS = (
					"$(inherited)",
					"@executable_path/Frameworks",
				);
				PRODUCT_BUNDLE_IDENTIFIER = "com.seventhaxis.modern-auto-layout.ch02-3";
				PRODUCT_NAME = "$(TARGET_NAME)";
				SWIFT_VERSION = 5.0;
				TARGETED_DEVICE_FAMILY = "1,2";
			};
			name = Debug;
		};
		B9F7E11022D104B50046AC02 /* Release */ = {
			isa = XCBuildConfiguration;
			buildSettings = {
				ASSETCATALOG_COMPILER_APPICON_NAME = AppIcon;
				CODE_SIGN_STYLE = Automatic;
				DEVELOPMENT_TEAM = 9C5ND6VFEN;
				INFOPLIST_FILE = "ch02-3/Info.plist";
				LD_RUNPATH_SEARCH_PATHS = (
					"$(inherited)",
					"@executable_path/Frameworks",
				);
				PRODUCT_BUNDLE_IDENTIFIER = "com.seventhaxis.modern-auto-layout.ch02-3";
				PRODUCT_NAME = "$(TARGET_NAME)";
				SWIFT_VERSION = 5.0;
				TARGETED_DEVICE_FAMILY = "1,2";
			};
			name = Release;
		};
/* End XCBuildConfiguration section */

/* Begin XCConfigurationList section */
		B9F7E0F722D104B40046AC02 /* Build configuration list for PBXProject "ch02-3" */ = {
			isa = XCConfigurationList;
			buildConfigurations = (
				B9F7E10C22D104B50046AC02 /* Debug */,
				B9F7E10D22D104B50046AC02 /* Release */,
			);
			defaultConfigurationIsVisible = 0;
			defaultConfigurationName = Release;
		};
		B9F7E10E22D104B50046AC02 /* Build configuration list for PBXNativeTarget "ch02-3" */ = {
			isa = XCConfigurationList;
			buildConfigurations = (
				B9F7E10F22D104B50046AC02 /* Debug */,
				B9F7E11022D104B50046AC02 /* Release */,
			);
			defaultConfigurationIsVisible = 0;
			defaultConfigurationName = Release;
		};
/* End XCConfigurationList section */
	};
	rootObject = B9F7E0F422D104B40046AC02 /* Project object */;
}
