// !$*UTF8*$!
{
	archiveVersion = 1;
	classes = {
	};
	objectVersion = 50;
	objects = {

/* Begin PBXBuildFile section */
		B983DC6322DFB1F4001C6D27 /* AppDelegate.swift in Sources */ = {isa = PBXBuildFile; fileRef = B983DC6222DFB1F4001C6D27 /* AppDelegate.swift */; };
		B983DC6522DFB1F4001C6D27 /* RootViewController.swift in Sources */ = {isa = PBXBuildFile; fileRef = B983DC6422DFB1F4001C6D27 /* RootViewController.swift */; };
		B983DC6A22DFB1F5001C6D27 /* Assets.xcassets in Resources */ = {isa = PBXBuildFile; fileRef = B983DC6922DFB1F5001C6D27 /* Assets.xcassets */; };
		B983DC6D22DFB1F5001C6D27 /* LaunchScreen.storyboard in Resources */ = {isa = PBXBuildFile; fileRef = B983DC6B22DFB1F5001C6D27 /* LaunchScreen.storyboard */; };
		B983DC7522DFB2A3001C6D27 /* TileView.swift in Sources */ = {isa = PBXBuildFile; fileRef = B983DC7422DFB2A3001C6D27 /* TileView.swift */; };
		B983DC7722DFB464001C6D27 /* UIViewController+SafeAnchor.swift in Sources */ = {isa = PBXBuildFile; fileRef = B983DC7622DFB464001C6D27 /* UIViewController+SafeAnchor.swift */; };
/* End PBXBuildFile section */

/* Begin PBXFileReference section */
		B983DC5F22DFB1F4001C6D27 /* ch06-4.app */ = {isa = PBXFileReference; explicitFileType = wrapper.application; includeInIndex = 0; path = "ch06-4.app"; sourceTree = BUILT_PRODUCTS_DIR; };
		B983DC6222DFB1F4001C6D27 /* AppDelegate.swift */ = {isa = PBXFileReference; lastKnownFileType = sourcecode.swift; path = AppDelegate.swift; sourceTree = "<group>"; };
		B983DC6422DFB1F4001C6D27 /* RootViewController.swift */ = {isa = PBXFileReference; lastKnownFileType = sourcecode.swift; path = RootViewController.swift; sourceTree = "<group>"; };
		B983DC6922DFB1F5001C6D27 /* Assets.xcassets */ = {isa = PBXFileReference; lastKnownFileType = folder.assetcatalog; path = Assets.xcassets; sourceTree = "<group>"; };
		B983DC6C22DFB1F5001C6D27 /* Base */ = {isa = PBXFileReference; lastKnownFileType = file.storyboard; name = Base; path = Base.lproj/LaunchScreen.storyboard; sourceTree = "<group>"; };
		B983DC6E22DFB1F5001C6D27 /* Info.plist */ = {isa = PBXFileReference; lastKnownFileType = text.plist.xml; path = Info.plist; sourceTree = "<group>"; };
		B983DC7422DFB2A3001C6D27 /* TileView.swift */ = {isa = PBXFileReference; lastKnownFileType = sourcecode.swift; path = TileView.swift; sourceTree = "<group>"; };
		B983DC7622DFB464001C6D27 /* UIViewController+SafeAnchor.swift */ = {isa = PBXFileReference; lastKnownFileType = sourcecode.swift; path = "UIViewController+SafeAnchor.swift"; sourceTree = "<group>"; };
/* End PBXFileReference section */

/* Begin PBXFrameworksBuildPhase section */
		B983DC5C22DFB1F4001C6D27 /* Frameworks */ = {
			isa = PBXFrameworksBuildPhase;
			buildActionMask = 2147483647;
			files = (
			);
			runOnlyForDeploymentPostprocessing = 0;
		};
/* End PBXFrameworksBuildPhase section */

/* Begin PBXGroup section */
		B983DC5622DFB1F4001C6D27 = {
			isa = PBXGroup;
			children = (
				B983DC6122DFB1F4001C6D27 /* ch06-4 */,
				B983DC6022DFB1F4001C6D27 /* Products */,
			);
			sourceTree = "<group>";
		};
		B983DC6022DFB1F4001C6D27 /* Products */ = {
			isa = PBXGroup;
			children = (
				B983DC5F22DFB1F4001C6D27 /* ch06-4.app */,
			);
			name = Products;
			sourceTree = "<group>";
		};
		B983DC6122DFB1F4001C6D27 /* ch06-4 */ = {
			isa = PBXGroup;
			children = (
				B983DC6222DFB1F4001C6D27 /* AppDelegate.swift */,
				B983DC6422DFB1F4001C6D27 /* RootViewController.swift */,
				B983DC7422DFB2A3001C6D27 /* TileView.swift */,
				B983DC7622DFB464001C6D27 /* UIViewController+SafeAnchor.swift */,
				B983DC6922DFB1F5001C6D27 /* Assets.xcassets */,
				B983DC6B22DFB1F5001C6D27 /* LaunchScreen.storyboard */,
				B983DC6E22DFB1F5001C6D27 /* Info.plist */,
			);
			path = "ch06-4";
			sourceTree = "<group>";
		};
/* End PBXGroup section */

/* Begin PBXNativeTarget section */
		B983DC5E22DFB1F4001C6D27 /* ch06-4 */ = {
			isa = PBXNativeTarget;
			buildConfigurationList = B983DC7122DFB1F5001C6D27 /* Build configuration list for PBXNativeTarget "ch06-4" */;
			buildPhases = (
				B983DC5B22DFB1F4001C6D27 /* Sources */,
				B983DC5C22DFB1F4001C6D27 /* Frameworks */,
				B983DC5D22DFB1F4001C6D27 /* Resources */,
			);
			buildRules = (
			);
			dependencies = (
			);
			name = "ch06-4";
			productName = "ch06-4";
			productReference = B983DC5F22DFB1F4001C6D27 /* ch06-4.app */;
			productType = "com.apple.product-type.application";
		};
/* End PBXNativeTarget section */

/* Begin PBXProject section */
		B983DC5722DFB1F4001C6D27 /* Project object */ = {
			isa = PBXProject;
			attributes = {
				LastSwiftUpdateCheck = 1020;
				LastUpgradeCheck = 1020;
				ORGANIZATIONNAME = "Matt Brown";
				TargetAttributes = {
					B983DC5E22DFB1F4001C6D27 = {
						CreatedOnToolsVersion = 10.2.1;
					};
				};
			};
			buildConfigurationList = B983DC5A22DFB1F4001C6D27 /* Build configuration list for PBXProject "ch06-4" */;
			compatibilityVersion = "Xcode 9.3";
			developmentRegion = en;
			hasScannedForEncodings = 0;
			knownRegions = (
				en,
				Base,
			);
			mainGroup = B983DC5622DFB1F4001C6D27;
			productRefGroup = B983DC6022DFB1F4001C6D27 /* Products */;
			projectDirPath = "";
			projectRoot = "";
			targets = (
				B983DC5E22DFB1F4001C6D27 /* ch06-4 */,
			);
		};
/* End PBXProject section */

/* Begin PBXResourcesBuildPhase section */
		B983DC5D22DFB1F4001C6D27 /* Resources */ = {
			isa = PBXResourcesBuildPhase;
			buildActionMask = 2147483647;
			files = (
				B983DC6D22DFB1F5001C6D27 /* LaunchScreen.storyboard in Resources */,
				B983DC6A22DFB1F5001C6D27 /* Assets.xcassets in Resources */,
			);
			runOnlyForDeploymentPostprocessing = 0;
		};
/* End PBXResourcesBuildPhase section */

/* Begin PBXSourcesBuildPhase section */
		B983DC5B22DFB1F4001C6D27 /* Sources */ = {
			isa = PBXSourcesBuildPhase;
			buildActionMask = 2147483647;
			files = (
				B983DC6522DFB1F4001C6D27 /* RootViewController.swift in Sources */,
				B983DC7522DFB2A3001C6D27 /* TileView.swift in Sources */,
				B983DC7722DFB464001C6D27 /* UIViewController+SafeAnchor.swift in Sources */,
				B983DC6322DFB1F4001C6D27 /* AppDelegate.swift in Sources */,
			);
			runOnlyForDeploymentPostprocessing = 0;
		};
/* End PBXSourcesBuildPhase section */

/* Begin PBXVariantGroup section */
		B983DC6B22DFB1F5001C6D27 /* LaunchScreen.storyboard */ = {
			isa = PBXVariantGroup;
			children = (
				B983DC6C22DFB1F5001C6D27 /* Base */,
			);
			name = LaunchScreen.storyboard;
			sourceTree = "<group>";
		};
/* End PBXVariantGroup section */

/* Begin XCBuildConfiguration section */
		B983DC6F22DFB1F5001C6D27 /* Debug */ = {
			isa = XCBuildConfiguration;
			buildSettings = {
				ALWAYS_SEARCH_USER_PATHS = NO;
				CLANG_ANALYZER_NONNULL = YES;
				CLANG_ANALYZER_NUMBER_OBJECT_CONVERSION = YES_AGGRESSIVE;
				CLANG_CXX_LANGUAGE_STANDARD = "gnu++14";
				CLANG_CXX_LIBRARY = "libc++";
				CLANG_ENABLE_MODULES = YES;
				CLANG_ENABLE_OBJC_ARC = YES;
				CLANG_ENABLE_OBJC_WEAK = YES;
				CLANG_WARN_BLOCK_CAPTURE_AUTORELEASING = YES;
				CLANG_WARN_BOOL_CONVERSION = YES;
				CLANG_WARN_COMMA = YES;
				CLANG_WARN_CONSTANT_CONVERSION = YES;
				CLANG_WARN_DEPRECATED_OBJC_IMPLEMENTATIONS = YES;
				CLANG_WARN_DIRECT_OBJC_ISA_USAGE = YES_ERROR;
				CLANG_WARN_DOCUMENTATION_COMMENTS = YES;
				CLANG_WARN_EMPTY_BODY = YES;
				CLANG_WARN_ENUM_CONVERSION = YES;
				CLANG_WARN_INFINITE_RECURSION = YES;
				CLANG_WARN_INT_CONVERSION = YES;
				CLANG_WARN_NON_LITERAL_NULL_CONVERSION = YES;
				CLANG_WARN_OBJC_IMPLICIT_RETAIN_SELF = YES;
				CLANG_WARN_OBJC_LITERAL_CONVERSION = YES;
				CLANG_WARN_OBJC_ROOT_CLASS = YES_ERROR;
				CLANG_WARN_RANGE_LOOP_ANALYSIS = YES;
				CLANG_WARN_STRICT_PROTOTYPES = YES;
				CLANG_WARN_SUSPICIOUS_MOVE = YES;
				CLANG_WARN_UNGUARDED_AVAILABILITY = YES_AGGRESSIVE;
				CLANG_WARN_UNREACHABLE_CODE = YES;
				CLANG_WARN__DUPLICATE_METHOD_MATCH = YES;
				CODE_SIGN_IDENTITY = "iPhone Developer";
				COPY_PHASE_STRIP = NO;
				DEBUG_INFORMATION_FORMAT = dwarf;
				ENABLE_STRICT_OBJC_MSGSEND = YES;
				ENABLE_TESTABILITY = YES;
				GCC_C_LANGUAGE_STANDARD = gnu11;
				GCC_DYNAMIC_NO_PIC = NO;
				GCC_NO_COMMON_BLOCKS = YES;
				GCC_OPTIMIZATION_LEVEL = 0;
				GCC_PREPROCESSOR_DEFINITIONS = (
					"DEBUG=1",
					"$(inherited)",
				);
				GCC_WARN_64_TO_32_BIT_CONVERSION = YES;
				GCC_WARN_ABOUT_RETURN_TYPE = YES_ERROR;
				GCC_WARN_UNDECLARED_SELECTOR = YES;
				GCC_WARN_UNINITIALIZED_AUTOS = YES_AGGRESSIVE;
				GCC_WARN_UNUSED_FUNCTION = YES;
				GCC_WARN_UNUSED_VARIABLE = YES;
				IPHONEOS_DEPLOYMENT_TARGET = 12.2;
				MTL_ENABLE_DEBUG_INFO = INCLUDE_SOURCE;
				MTL_FAST_MATH = YES;
				ONLY_ACTIVE_ARCH = YES;
				SDKROOT = iphoneos;
				SWIFT_ACTIVE_COMPILATION_CONDITIONS = DEBUG;
				SWIFT_OPTIMIZATION_LEVEL = "-Onone";
			};
			name = Debug;
		};
		B983DC7022DFB1F5001C6D27 /* Release */ = {
			isa = XCBuildConfiguration;
			buildSettings = {
				ALWAYS_SEARCH_USER_PATHS = NO;
				CLANG_ANALYZER_NONNULL = YES;
				CLANG_ANALYZER_NUMBER_OBJECT_CONVERSION = YES_AGGRESSIVE;
				CLANG_CXX_LANGUAGE_STANDARD = "gnu++14";
				CLANG_CXX_LIBRARY = "libc++";
				CLANG_ENABLE_MODULES = YES;
				CLANG_ENABLE_OBJC_ARC = YES;
				CLANG_ENABLE_OBJC_WEAK = YES;
				CLANG_WARN_BLOCK_CAPTURE_AUTORELEASING = YES;
				CLANG_WARN_BOOL_CONVERSION = YES;
				CLANG_WARN_COMMA = YES;
				CLANG_WARN_CONSTANT_CONVERSION = YES;
				CLANG_WARN_DEPRECATED_OBJC_IMPLEMENTATIONS = YES;
				CLANG_WARN_DIRECT_OBJC_ISA_USAGE = YES_ERROR;
				CLANG_WARN_DOCUMENTATION_COMMENTS = YES;
				CLANG_WARN_EMPTY_BODY = YES;
				CLANG_WARN_ENUM_CONVERSION = YES;
				CLANG_WARN_INFINITE_RECURSION = YES;
				CLANG_WARN_INT_CONVERSION = YES;
				CLANG_WARN_NON_LITERAL_NULL_CONVERSION = YES;
				CLANG_WARN_OBJC_IMPLICIT_RETAIN_SELF = YES;
				CLANG_WARN_OBJC_LITERAL_CONVERSION = YES;
				CLANG_WARN_OBJC_ROOT_CLASS = YES_ERROR;
				CLANG_WARN_RANGE_LOOP_ANALYSIS = YES;
				CLANG_WARN_STRICT_PROTOTYPES = YES;
				CLANG_WARN_SUSPICIOUS_MOVE = YES;
				CLANG_WARN_UNGUARDED_AVAILABILITY = YES_AGGRESSIVE;
				CLANG_WARN_UNREACHABLE_CODE = YES;
				CLANG_WARN__DUPLICATE_METHOD_MATCH = YES;
				CODE_SIGN_IDENTITY = "iPhone Developer";
				COPY_PHASE_STRIP = NO;
				DEBUG_INFORMATION_FORMAT = "dwarf-with-dsym";
				ENABLE_NS_ASSERTIONS = NO;
				ENABLE_STRICT_OBJC_MSGSEND = YES;
				GCC_C_LANGUAGE_STANDARD = gnu11;
				GCC_NO_COMMON_BLOCKS = YES;
				GCC_WARN_64_TO_32_BIT_CONVERSION = YES;
				GCC_WARN_ABOUT_RETURN_TYPE = YES_ERROR;
				GCC_WARN_UNDECLARED_SELECTOR = YES;
				GCC_WARN_UNINITIALIZED_AUTOS = YES_AGGRESSIVE;
				GCC_WARN_UNUSED_FUNCTION = YES;
				GCC_WARN_UNUSED_VARIABLE = YES;
				IPHONEOS_DEPLOYMENT_TARGET = 12.2;
				MTL_ENABLE_DEBUG_INFO = NO;
				MTL_FAST_MATH = YES;
				SDKROOT = iphoneos;
				SWIFT_COMPILATION_MODE = wholemodule;
				SWIFT_OPTIMIZATION_LEVEL = "-O";
				VALIDATE_PRODUCT = YES;
			};
			name = Release;
		};
		B983DC7222DFB1F5001C6D27 /* Debug */ = {
			isa = XCBuildConfiguration;
			buildSettings = {
				ASSETCATALOG_COMPILER_APPICON_NAME = AppIcon;
				CODE_SIGN_STYLE = Automatic;
				DEVELOPMENT_TEAM = 9C5ND6VFEN;
				INFOPLIST_FILE = "ch06-4/Info.plist";
				IPHONEOS_DEPLOYMENT_TARGET = 10.0;
				LD_RUNPATH_SEARCH_PATHS = (
					"$(inherited)",
					"@executable_path/Frameworks",
				);
				PRODUCT_BUNDLE_IDENTIFIER = "com.seventhaxis.modern-auto-layout.ch06-4";
				PRODUCT_NAME = "$(TARGET_NAME)";
				SWIFT_VERSION = 5.0;
				TARGETED_DEVICE_FAMILY = "1,2";
			};
			name = Debug;
		};
		B983DC7322DFB1F5001C6D27 /* Release */ = {
			isa = XCBuildConfiguration;
			buildSettings = {
				ASSETCATALOG_COMPILER_APPICON_NAME = AppIcon;
				CODE_SIGN_STYLE = Automatic;
				DEVELOPMENT_TEAM = 9C5ND6VFEN;
				INFOPLIST_FILE = "ch06-4/Info.plist";
				IPHONEOS_DEPLOYMENT_TARGET = 10.0;
				LD_RUNPATH_SEARCH_PATHS = (
					"$(inherited)",
					"@executable_path/Frameworks",
				);
				PRODUCT_BUNDLE_IDENTIFIER = "com.seventhaxis.modern-auto-layout.ch06-4";
				PRODUCT_NAME = "$(TARGET_NAME)";
				SWIFT_VERSION = 5.0;
				TARGETED_DEVICE_FAMILY = "1,2";
			};
			name = Release;
		};
/* End XCBuildConfiguration section */

/* Begin XCConfigurationList section */
		B983DC5A22DFB1F4001C6D27 /* Build configuration list for PBXProject "ch06-4" */ = {
			isa = XCConfigurationList;
			buildConfigurations = (
				B983DC6F22DFB1F5001C6D27 /* Debug */,
				B983DC7022DFB1F5001C6D27 /* Release */,
			);
			defaultConfigurationIsVisible = 0;
			defaultConfigurationName = Release;
		};
		B983DC7122DFB1F5001C6D27 /* Build configuration list for PBXNativeTarget "ch06-4" */ = {
			isa = XCConfigurationList;
			buildConfigurations = (
				B983DC7222DFB1F5001C6D27 /* Debug */,
				B983DC7322DFB1F5001C6D27 /* Release */,
			);
			defaultConfigurationIsVisible = 0;
			defaultConfigurationName = Release;
		};
/* End XCConfigurationList section */
	};
	rootObject = B983DC5722DFB1F4001C6D27 /* Project object */;
}
